
Microsoft Visual Studio Solution File, Format Version 12.00
# Visual Studio 14
VisualStudioVersion = 14.0.25420.1
MinimumVisualStudioVersion = 10.0.40219.1
Project("{F2A71F9B-5D33-465A-A702-920D77279786}") = "ElKunzo.FantaFootball.DataAccess", "ElKunzo.FantaFootball.DataAccess\ElKunzo.FantaFootball.DataAccess.fsproj", "{5F19BA3B-564F-42F6-AF82-C1F502FD15CA}"
EndProject
Project("{F2A71F9B-5D33-465A-A702-920D77279786}") = "ElKunzo.FantaFootball.DataTransferObjects", "ElKunzo.FantaFootball.DataTransferObjects\ElKunzo.FantaFootball.DataTransferObjects.fsproj", "{E8BBF38D-8AFA-4B65-B76B-A28ED3D4E791}"
EndProject
Project("{F2A71F9B-5D33-465A-A702-920D77279786}") = "ElKunzo.FantaFootball.Components", "ElKunzo.FantaFootball.Components\ElKunzo.FantaFootball.Components.fsproj", "{C5D90B1C-5A13-44CC-A1C8-60C1BE9D0FED}"
EndProject
Project("{F2A71F9B-5D33-465A-A702-920D77279786}") = "TestApp", "TestApp\TestApp.fsproj", "{AF91CE44-A745-4A5C-A436-CE5B3BA0BAC9}"
EndProject
Project("{2150E333-8FDC-42A3-9474-1A3956D46DE8}") = "Database", "Database", "{AEC26EF7-ABFC-41FC-B821-624C13B61135}"
	ProjectSection(SolutionItems) = preProject
		Full.sql = Full.sql
		rol_FantaFootballRole.sql = rol_FantaFootballRole.sql
		tab_PlayerStaticData.sql = tab_PlayerStaticData.sql
		tab_Positions.sql = tab_Positions.sql
		tab_TeamData.sql = tab_TeamData.sql
		typ_PlayerStaticDataType.sql = typ_PlayerStaticDataType.sql
		typ_TeamDataType.sql = typ_TeamDataType.sql
		usp_PlayerStaticData_Get.sql = usp_PlayerStaticData_Get.sql
		usp_PlayerStaticData_Update.sql = usp_PlayerStaticData_Update.sql
		usp_TeamData_Get.sql = usp_TeamData_Get.sql
		usp_TeamData_Update.sql = usp_TeamData_Update.sql
	EndProjectSection
EndProject
Global
	GlobalSection(SolutionConfigurationPlatforms) = preSolution
		Debug|Any CPU = Debug|Any CPU
		Release|Any CPU = Release|Any CPU
	EndGlobalSection
	GlobalSection(ProjectConfigurationPlatforms) = postSolution
		{5F19BA3B-564F-42F6-AF82-C1F502FD15CA}.Debug|Any CPU.ActiveCfg = Debug|Any CPU
		{5F19BA3B-564F-42F6-AF82-C1F502FD15CA}.Debug|Any CPU.Build.0 = Debug|Any CPU
		{5F19BA3B-564F-42F6-AF82-C1F502FD15CA}.Release|Any CPU.ActiveCfg = Release|Any CPU
		{5F19BA3B-564F-42F6-AF82-C1F502FD15CA}.Release|Any CPU.Build.0 = Release|Any CPU
		{E8BBF38D-8AFA-4B65-B76B-A28ED3D4E791}.Debug|Any CPU.ActiveCfg = Debug|Any CPU
		{E8BBF38D-8AFA-4B65-B76B-A28ED3D4E791}.Debug|Any CPU.Build.0 = Debug|Any CPU
		{E8BBF38D-8AFA-4B65-B76B-A28ED3D4E791}.Release|Any CPU.ActiveCfg = Release|Any CPU
		{E8BBF38D-8AFA-4B65-B76B-A28ED3D4E791}.Release|Any CPU.Build.0 = Release|Any CPU
		{C5D90B1C-5A13-44CC-A1C8-60C1BE9D0FED}.Debug|Any CPU.ActiveCfg = Debug|Any CPU
		{C5D90B1C-5A13-44CC-A1C8-60C1BE9D0FED}.Debug|Any CPU.Build.0 = Debug|Any CPU
		{C5D90B1C-5A13-44CC-A1C8-60C1BE9D0FED}.Release|Any CPU.ActiveCfg = Release|Any CPU
		{C5D90B1C-5A13-44CC-A1C8-60C1BE9D0FED}.Release|Any CPU.Build.0 = Release|Any CPU
		{AF91CE44-A745-4A5C-A436-CE5B3BA0BAC9}.Debug|Any CPU.ActiveCfg = Debug|Any CPU
		{AF91CE44-A745-4A5C-A436-CE5B3BA0BAC9}.Debug|Any CPU.Build.0 = Debug|Any CPU
		{AF91CE44-A745-4A5C-A436-CE5B3BA0BAC9}.Release|Any CPU.ActiveCfg = Release|Any CPU
		{AF91CE44-A745-4A5C-A436-CE5B3BA0BAC9}.Release|Any CPU.Build.0 = Release|Any CPU
	EndGlobalSection
	GlobalSection(SolutionProperties) = preSolution
		HideSolutionNode = FALSE
	EndGlobalSection
EndGlobal
